
Microsoft Visual Studio Solution File, Format Version 12.00
# Visual Studio 15
Project("{8BC9CEB8-8B4A-11D0-8D11-00A0C91BC942}") = "RayTracer", "RayTracer.vcxproj", "{B07CC12F-8408-4906-A1B2-D0C7EA2F3C8C}"
EndProject
Project("{8BC9CEB8-8B4A-11D0-8D11-00A0C91BC942}") = "Core", "..\Core\Core.vcxproj", "{279BF6C8-9AA4-421E-ABB3-39F03A5C0798}"
EndProject
Project("{8BC9CEB8-8B4A-11D0-8D11-00A0C91BC942}") = "Image", "..\Image\Image.vcxproj", "{378D55BC-AE0E-4634-8852-087F5A1552BD}"
EndProject
Project("{8BC9CEB8-8B4A-11D0-8D11-00A0C91BC942}") = "Math", "..\Math\Math.vcxproj", "{AABC6BC4-9B69-49B5-B238-6255594E46CD}"
EndProject
Project("{8BC9CEB8-8B4A-11D0-8D11-00A0C91BC942}") = "System", "..\System\System.vcxproj", "{D265CB8C-D8CB-46DA-8957-9E9F87EF2FAF}"
EndProject
Project("{8BC9CEB8-8B4A-11D0-8D11-00A0C91BC942}") = "UnitTest++", "..\UnitTest++\UnitTest++.vcxproj", "{8D39D0F7-9B4D-438B-867E-847A46F87143}"
EndProject
Global
	GlobalSection(SolutionConfigurationPlatforms) = preSolution
		Debug|Win32 = Debug|Win32
		Debug|x64 = Debug|x64
		Final|Win32 = Final|Win32
		Final|x64 = Final|x64
		Release|Win32 = Release|Win32
		Release|x64 = Release|x64
	EndGlobalSection
	GlobalSection(ProjectConfigurationPlatforms) = postSolution
		{B07CC12F-8408-4906-A1B2-D0C7EA2F3C8C}.Debug|Win32.ActiveCfg = Debug|Win32
		{B07CC12F-8408-4906-A1B2-D0C7EA2F3C8C}.Debug|Win32.Build.0 = Debug|Win32
		{B07CC12F-8408-4906-A1B2-D0C7EA2F3C8C}.Debug|x64.ActiveCfg = Debug|x64
		{B07CC12F-8408-4906-A1B2-D0C7EA2F3C8C}.Debug|x64.Build.0 = Debug|x64
		{B07CC12F-8408-4906-A1B2-D0C7EA2F3C8C}.Final|Win32.ActiveCfg = Final|Win32
		{B07CC12F-8408-4906-A1B2-D0C7EA2F3C8C}.Final|Win32.Build.0 = Final|Win32
		{B07CC12F-8408-4906-A1B2-D0C7EA2F3C8C}.Final|x64.ActiveCfg = Final|x64
		{B07CC12F-8408-4906-A1B2-D0C7EA2F3C8C}.Final|x64.Build.0 = Final|x64
		{B07CC12F-8408-4906-A1B2-D0C7EA2F3C8C}.Release|Win32.ActiveCfg = Release|Win32
		{B07CC12F-8408-4906-A1B2-D0C7EA2F3C8C}.Release|Win32.Build.0 = Release|Win32
		{B07CC12F-8408-4906-A1B2-D0C7EA2F3C8C}.Release|x64.ActiveCfg = Release|x64
		{B07CC12F-8408-4906-A1B2-D0C7EA2F3C8C}.Release|x64.Build.0 = Release|x64
		{279BF6C8-9AA4-421E-ABB3-39F03A5C0798}.Debug|Win32.ActiveCfg = Debug|Win32
		{279BF6C8-9AA4-421E-ABB3-39F03A5C0798}.Debug|Win32.Build.0 = Debug|Win32
		{279BF6C8-9AA4-421E-ABB3-39F03A5C0798}.Debug|x64.ActiveCfg = Debug|x64
		{279BF6C8-9AA4-421E-ABB3-39F03A5C0798}.Debug|x64.Build.0 = Debug|x64
		{279BF6C8-9AA4-421E-ABB3-39F03A5C0798}.Final|Win32.ActiveCfg = Final|Win32
		{279BF6C8-9AA4-421E-ABB3-39F03A5C0798}.Final|Win32.Build.0 = Final|Win32
		{279BF6C8-9AA4-421E-ABB3-39F03A5C0798}.Final|x64.ActiveCfg = Final|x64
		{279BF6C8-9AA4-421E-ABB3-39F03A5C0798}.Final|x64.Build.0 = Final|x64
		{279BF6C8-9AA4-421E-ABB3-39F03A5C0798}.Release|Win32.ActiveCfg = Release|Win32
		{279BF6C8-9AA4-421E-ABB3-39F03A5C0798}.Release|Win32.Build.0 = Release|Win32
		{279BF6C8-9AA4-421E-ABB3-39F03A5C0798}.Release|x64.ActiveCfg = Release|x64
		{279BF6C8-9AA4-421E-ABB3-39F03A5C0798}.Release|x64.Build.0 = Release|x64
		{378D55BC-AE0E-4634-8852-087F5A1552BD}.Debug|Win32.ActiveCfg = Debug|Win32
		{378D55BC-AE0E-4634-8852-087F5A1552BD}.Debug|Win32.Build.0 = Debug|Win32
		{378D55BC-AE0E-4634-8852-087F5A1552BD}.Debug|x64.ActiveCfg = Debug|x64
		{378D55BC-AE0E-4634-8852-087F5A1552BD}.Debug|x64.Build.0 = Debug|x64
		{378D55BC-AE0E-4634-8852-087F5A1552BD}.Final|Win32.ActiveCfg = Final|Win32
		{378D55BC-AE0E-4634-8852-087F5A1552BD}.Final|Win32.Build.0 = Final|Win32
		{378D55BC-AE0E-4634-8852-087F5A1552BD}.Final|x64.ActiveCfg = Final|x64
		{378D55BC-AE0E-4634-8852-087F5A1552BD}.Final|x64.Build.0 = Final|x64
		{378D55BC-AE0E-4634-8852-087F5A1552BD}.Release|Win32.ActiveCfg = Release|Win32
		{378D55BC-AE0E-4634-8852-087F5A1552BD}.Release|Win32.Build.0 = Release|Win32
		{378D55BC-AE0E-4634-8852-087F5A1552BD}.Release|x64.ActiveCfg = Release|x64
		{378D55BC-AE0E-4634-8852-087F5A1552BD}.Release|x64.Build.0 = Release|x64
		{AABC6BC4-9B69-49B5-B238-6255594E46CD}.Debug|Win32.ActiveCfg = Debug|Win32
		{AABC6BC4-9B69-49B5-B238-6255594E46CD}.Debug|Win32.Build.0 = Debug|Win32
		{AABC6BC4-9B69-49B5-B238-6255594E46CD}.Debug|x64.ActiveCfg = Debug|x64
		{AABC6BC4-9B69-49B5-B238-6255594E46CD}.Debug|x64.Build.0 = Debug|x64
		{AABC6BC4-9B69-49B5-B238-6255594E46CD}.Final|Win32.ActiveCfg = Final|Win32
		{AABC6BC4-9B69-49B5-B238-6255594E46CD}.Final|Win32.Build.0 = Final|Win32
		{AABC6BC4-9B69-49B5-B238-6255594E46CD}.Final|x64.ActiveCfg = Final|x64
		{AABC6BC4-9B69-49B5-B238-6255594E46CD}.Final|x64.Build.0 = Final|x64
		{AABC6BC4-9B69-49B5-B238-6255594E46CD}.Release|Win32.ActiveCfg = Release|Win32
		{AABC6BC4-9B69-49B5-B238-6255594E46CD}.Release|Win32.Build.0 = Release|Win32
		{AABC6BC4-9B69-49B5-B238-6255594E46CD}.Release|x64.ActiveCfg = Release|x64
		{AABC6BC4-9B69-49B5-B238-6255594E46CD}.Release|x64.Build.0 = Release|x64
		{D265CB8C-D8CB-46DA-8957-9E9F87EF2FAF}.Debug|Win32.ActiveCfg = Debug|Win32
		{D265CB8C-D8CB-46DA-8957-9E9F87EF2FAF}.Debug|Win32.Build.0 = Debug|Win32
		{D265CB8C-D8CB-46DA-8957-9E9F87EF2FAF}.Debug|x64.ActiveCfg = Debug|x64
		{D265CB8C-D8CB-46DA-8957-9E9F87EF2FAF}.Debug|x64.Build.0 = Debug|x64
		{D265CB8C-D8CB-46DA-8957-9E9F87EF2FAF}.Final|Win32.ActiveCfg = Final|Win32
		{D265CB8C-D8CB-46DA-8957-9E9F87EF2FAF}.Final|Win32.Build.0 = Final|Win32
		{D265CB8C-D8CB-46DA-8957-9E9F87EF2FAF}.Final|x64.ActiveCfg = Final|x64
		{D265CB8C-D8CB-46DA-8957-9E9F87EF2FAF}.Final|x64.Build.0 = Final|x64
		{D265CB8C-D8CB-46DA-8957-9E9F87EF2FAF}.Release|Win32.ActiveCfg = Release|Win32
		{D265CB8C-D8CB-46DA-8957-9E9F87EF2FAF}.Release|Win32.Build.0 = Release|Win32
		{D265CB8C-D8CB-46DA-8957-9E9F87EF2FAF}.Release|x64.ActiveCfg = Release|x64
		{D265CB8C-D8CB-46DA-8957-9E9F87EF2FAF}.Release|x64.Build.0 = Release|x64
		{8D39D0F7-9B4D-438B-867E-847A46F87143}.Debug|Win32.ActiveCfg = Debug|Win32
		{8D39D0F7-9B4D-438B-867E-847A46F87143}.Debug|Win32.Build.0 = Debug|Win32
		{8D39D0F7-9B4D-438B-867E-847A46F87143}.Debug|x64.ActiveCfg = Debug|x64
		{8D39D0F7-9B4D-438B-867E-847A46F87143}.Debug|x64.Build.0 = Debug|x64
		{8D39D0F7-9B4D-438B-867E-847A46F87143}.Final|Win32.ActiveCfg = Final|Win32
		{8D39D0F7-9B4D-438B-867E-847A46F87143}.Final|Win32.Build.0 = Final|Win32
		{8D39D0F7-9B4D-438B-867E-847A46F87143}.Final|x64.ActiveCfg = Final|x64
		{8D39D0F7-9B4D-438B-867E-847A46F87143}.Final|x64.Build.0 = Final|x64
		{8D39D0F7-9B4D-438B-867E-847A46F87143}.Release|Win32.ActiveCfg = Release|Win32
		{8D39D0F7-9B4D-438B-867E-847A46F87143}.Release|Win32.Build.0 = Release|Win32
		{8D39D0F7-9B4D-438B-867E-847A46F87143}.Release|x64.ActiveCfg = Release|x64
		{8D39D0F7-9B4D-438B-867E-847A46F87143}.Release|x64.Build.0 = Release|x64
	EndGlobalSection
	GlobalSection(SolutionProperties) = preSolution
		HideSolutionNode = FALSE
	EndGlobalSection
EndGlobal
